// !$*UTF8*$!
{
	archiveVersion = 1;
	classes = {
	};
	objectVersion = 46;
	objects = {

/* Begin PBXBuildFile section */
		FC2609BD1A3A68590000E7A4 /* main.m in Sources */ = {isa = PBXBuildFile; fileRef = FC2609BC1A3A68590000E7A4 /* main.m */; };
		FC2609C01A3A68590000E7A4 /* AppDelegate.m in Sources */ = {isa = PBXBuildFile; fileRef = FC2609BF1A3A68590000E7A4 /* AppDelegate.m */; };
		FC2609C31A3A68590000E7A4 /* ViewController.m in Sources */ = {isa = PBXBuildFile; fileRef = FC2609C21A3A68590000E7A4 /* ViewController.m */; };
		FC2609C61A3A68590000E7A4 /* Main.storyboard in Resources */ = {isa = PBXBuildFile; fileRef = FC2609C41A3A68590000E7A4 /* Main.storyboard */; };
		FC2609C81A3A68590000E7A4 /* Images.xcassets in Resources */ = {isa = PBXBuildFile; fileRef = FC2609C71A3A68590000E7A4 /* Images.xcassets */; };
		FC2609CB1A3A68590000E7A4 /* LaunchScreen.xib in Resources */ = {isa = PBXBuildFile; fileRef = FC2609C91A3A68590000E7A4 /* LaunchScreen.xib */; };
		FC2609D71A3A68590000E7A4 /* VR_ExperimentTests.m in Sources */ = {isa = PBXBuildFile; fileRef = FC2609D61A3A68590000E7A4 /* VR_ExperimentTests.m */; };
		FC2609E11A3A687B0000E7A4 /* CoreMotion.framework in Frameworks */ = {isa = PBXBuildFile; fileRef = FC2609E01A3A687B0000E7A4 /* CoreMotion.framework */; };
		FC2609E31A3A68810000E7A4 /* SceneKit.framework in Frameworks */ = {isa = PBXBuildFile; fileRef = FC2609E21A3A68810000E7A4 /* SceneKit.framework */; };
		FC26F9111A3E74C000404028 /* TCVRCameraNode.m in Sources */ = {isa = PBXBuildFile; fileRef = FC26F9101A3E74C000404028 /* TCVRCameraNode.m */; };
/* End PBXBuildFile section */

/* Begin PBXContainerItemProxy section */
		FC2609D11A3A68590000E7A4 /* PBXContainerItemProxy */ = {
			isa = PBXContainerItemProxy;
			containerPortal = FC2609AF1A3A68590000E7A4 /* Project object */;
			proxyType = 1;
			remoteGlobalIDString = FC2609B61A3A68590000E7A4;
			remoteInfo = "VR-Experiment";
		};
/* End PBXContainerItemProxy section */

/* Begin PBXFileReference section */
		FC2609B71A3A68590000E7A4 /* VR-Experiment.app */ = {isa = PBXFileReference; explicitFileType = wrapper.application; includeInIndex = 0; path = "VR-Experiment.app"; sourceTree = BUILT_PRODUCTS_DIR; };
		FC2609BB1A3A68590000E7A4 /* Info.plist */ = {isa = PBXFileReference; lastKnownFileType = text.plist.xml; path = Info.plist; sourceTree = "<group>"; };
		FC2609BC1A3A68590000E7A4 /* main.m */ = {isa = PBXFileReference; lastKnownFileType = sourcecode.c.objc; path = main.m; sourceTree = "<group>"; };
		FC2609BE1A3A68590000E7A4 /* AppDelegate.h */ = {isa = PBXFileReference; lastKnownFileType = sourcecode.c.h; path = AppDelegate.h; sourceTree = "<group>"; };
		FC2609BF1A3A68590000E7A4 /* AppDelegate.m */ = {isa = PBXFileReference; lastKnownFileType = sourcecode.c.objc; path = AppDelegate.m; sourceTree = "<group>"; };
		FC2609C11A3A68590000E7A4 /* ViewController.h */ = {isa = PBXFileReference; lastKnownFileType = sourcecode.c.h; path = ViewController.h; sourceTree = "<group>"; };
		FC2609C21A3A68590000E7A4 /* ViewController.m */ = {isa = PBXFileReference; lastKnownFileType = sourcecode.c.objc; path = ViewController.m; sourceTree = "<group>"; };
		FC2609C51A3A68590000E7A4 /* Base */ = {isa = PBXFileReference; lastKnownFileType = file.storyboard; name = Base; path = Base.lproj/Main.storyboard; sourceTree = "<group>"; };
		FC2609C71A3A68590000E7A4 /* Images.xcassets */ = {isa = PBXFileReference; lastKnownFileType = folder.assetcatalog; path = Images.xcassets; sourceTree = "<group>"; };
		FC2609CA1A3A68590000E7A4 /* Base */ = {isa = PBXFileReference; lastKnownFileType = file.xib; name = Base; path = Base.lproj/LaunchScreen.xib; sourceTree = "<group>"; };
		FC2609D01A3A68590000E7A4 /* VR-ExperimentTests.xctest */ = {isa = PBXFileReference; explicitFileType = wrapper.cfbundle; includeInIndex = 0; path = "VR-ExperimentTests.xctest"; sourceTree = BUILT_PRODUCTS_DIR; };
		FC2609D51A3A68590000E7A4 /* Info.plist */ = {isa = PBXFileReference; lastKnownFileType = text.plist.xml; path = Info.plist; sourceTree = "<group>"; };
		FC2609D61A3A68590000E7A4 /* VR_ExperimentTests.m */ = {isa = PBXFileReference; lastKnownFileType = sourcecode.c.objc; path = VR_ExperimentTests.m; sourceTree = "<group>"; };
		FC2609E01A3A687B0000E7A4 /* CoreMotion.framework */ = {isa = PBXFileReference; lastKnownFileType = wrapper.framework; name = CoreMotion.framework; path = System/Library/Frameworks/CoreMotion.framework; sourceTree = SDKROOT; };
		FC2609E21A3A68810000E7A4 /* SceneKit.framework */ = {isa = PBXFileReference; lastKnownFileType = wrapper.framework; name = SceneKit.framework; path = System/Library/Frameworks/SceneKit.framework; sourceTree = SDKROOT; };
		FC26F90F1A3E74C000404028 /* TCVRCameraNode.h */ = {isa = PBXFileReference; fileEncoding = 4; lastKnownFileType = sourcecode.c.h; path = TCVRCameraNode.h; sourceTree = "<group>"; };
		FC26F9101A3E74C000404028 /* TCVRCameraNode.m */ = {isa = PBXFileReference; fileEncoding = 4; lastKnownFileType = sourcecode.c.objc; path = TCVRCameraNode.m; sourceTree = "<group>"; };
/* End PBXFileReference section */

/* Begin PBXFrameworksBuildPhase section */
		FC2609B41A3A68590000E7A4 /* Frameworks */ = {
			isa = PBXFrameworksBuildPhase;
			buildActionMask = 2147483647;
			files = (
				FC2609E31A3A68810000E7A4 /* SceneKit.framework in Frameworks */,
				FC2609E11A3A687B0000E7A4 /* CoreMotion.framework in Frameworks */,
			);
			runOnlyForDeploymentPostprocessing = 0;
		};
		FC2609CD1A3A68590000E7A4 /* Frameworks */ = {
			isa = PBXFrameworksBuildPhase;
			buildActionMask = 2147483647;
			files = (
			);
			runOnlyForDeploymentPostprocessing = 0;
		};
/* End PBXFrameworksBuildPhase section */

/* Begin PBXGroup section */
		FC2609AE1A3A68590000E7A4 = {
			isa = PBXGroup;
			children = (
				FC2609E21A3A68810000E7A4 /* SceneKit.framework */,
				FC2609E01A3A687B0000E7A4 /* CoreMotion.framework */,
				FC2609B91A3A68590000E7A4 /* VR-Experiment */,
				FC2609D31A3A68590000E7A4 /* VR-ExperimentTests */,
				FC2609B81A3A68590000E7A4 /* Products */,
			);
			sourceTree = "<group>";
		};
		FC2609B81A3A68590000E7A4 /* Products */ = {
			isa = PBXGroup;
			children = (
				FC2609B71A3A68590000E7A4 /* VR-Experiment.app */,
				FC2609D01A3A68590000E7A4 /* VR-ExperimentTests.xctest */,
			);
			name = Products;
			sourceTree = "<group>";
		};
		FC2609B91A3A68590000E7A4 /* VR-Experiment */ = {
			isa = PBXGroup;
			children = (
				FC2609BE1A3A68590000E7A4 /* AppDelegate.h */,
				FC2609BF1A3A68590000E7A4 /* AppDelegate.m */,
				FC2609C11A3A68590000E7A4 /* ViewController.h */,
				FC2609C21A3A68590000E7A4 /* ViewController.m */,
				FC26F90F1A3E74C000404028 /* TCVRCameraNode.h */,
				FC26F9101A3E74C000404028 /* TCVRCameraNode.m */,
				FC2609C41A3A68590000E7A4 /* Main.storyboard */,
				FC2609C71A3A68590000E7A4 /* Images.xcassets */,
				FC2609C91A3A68590000E7A4 /* LaunchScreen.xib */,
				FC2609BA1A3A68590000E7A4 /* Supporting Files */,
			);
			path = "VR-Experiment";
			sourceTree = "<group>";
		};
		FC2609BA1A3A68590000E7A4 /* Supporting Files */ = {
			isa = PBXGroup;
			children = (
				FC2609BB1A3A68590000E7A4 /* Info.plist */,
				FC2609BC1A3A68590000E7A4 /* main.m */,
			);
			name = "Supporting Files";
			sourceTree = "<group>";
		};
		FC2609D31A3A68590000E7A4 /* VR-ExperimentTests */ = {
			isa = PBXGroup;
			children = (
				FC2609D61A3A68590000E7A4 /* VR_ExperimentTests.m */,
				FC2609D41A3A68590000E7A4 /* Supporting Files */,
			);
			path = "VR-ExperimentTests";
			sourceTree = "<group>";
		};
		FC2609D41A3A68590000E7A4 /* Supporting Files */ = {
			isa = PBXGroup;
			children = (
				FC2609D51A3A68590000E7A4 /* Info.plist */,
			);
			name = "Supporting Files";
			sourceTree = "<group>";
		};
/* End PBXGroup section */

/* Begin PBXNativeTarget section */
		FC2609B61A3A68590000E7A4 /* VR-Experiment */ = {
			isa = PBXNativeTarget;
			buildConfigurationList = FC2609DA1A3A68590000E7A4 /* Build configuration list for PBXNativeTarget "VR-Experiment" */;
			buildPhases = (
				FC2609B31A3A68590000E7A4 /* Sources */,
				FC2609B41A3A68590000E7A4 /* Frameworks */,
				FC2609B51A3A68590000E7A4 /* Resources */,
			);
			buildRules = (
			);
			dependencies = (
			);
			name = "VR-Experiment";
			productName = "VR-Experiment";
			productReference = FC2609B71A3A68590000E7A4 /* VR-Experiment.app */;
			productType = "com.apple.product-type.application";
		};
		FC2609CF1A3A68590000E7A4 /* VR-ExperimentTests */ = {
			isa = PBXNativeTarget;
			buildConfigurationList = FC2609DD1A3A68590000E7A4 /* Build configuration list for PBXNativeTarget "VR-ExperimentTests" */;
			buildPhases = (
				FC2609CC1A3A68590000E7A4 /* Sources */,
				FC2609CD1A3A68590000E7A4 /* Frameworks */,
				FC2609CE1A3A68590000E7A4 /* Resources */,
			);
			buildRules = (
			);
			dependencies = (
				FC2609D21A3A68590000E7A4 /* PBXTargetDependency */,
			);
			name = "VR-ExperimentTests";
			productName = "VR-ExperimentTests";
			productReference = FC2609D01A3A68590000E7A4 /* VR-ExperimentTests.xctest */;
			productType = "com.apple.product-type.bundle.unit-test";
		};
/* End PBXNativeTarget section */

/* Begin PBXProject section */
		FC2609AF1A3A68590000E7A4 /* Project object */ = {
			isa = PBXProject;
			attributes = {
				LastUpgradeCheck = 0610;
				ORGANIZATIONNAME = "Tim Carlson";
				TargetAttributes = {
					FC2609B61A3A68590000E7A4 = {
						CreatedOnToolsVersion = 6.1.1;
					};
					FC2609CF1A3A68590000E7A4 = {
						CreatedOnToolsVersion = 6.1.1;
						TestTargetID = FC2609B61A3A68590000E7A4;
					};
				};
			};
			buildConfigurationList = FC2609B21A3A68590000E7A4 /* Build configuration list for PBXProject "VR-Experiment" */;
			compatibilityVersion = "Xcode 3.2";
			developmentRegion = English;
			hasScannedForEncodings = 0;
			knownRegions = (
				en,
				Base,
			);
			mainGroup = FC2609AE1A3A68590000E7A4;
			productRefGroup = FC2609B81A3A68590000E7A4 /* Products */;
			projectDirPath = "";
			projectRoot = "";
			targets = (
				FC2609B61A3A68590000E7A4 /* VR-Experiment */,
				FC2609CF1A3A68590000E7A4 /* VR-ExperimentTests */,
			);
		};
/* End PBXProject section */

/* Begin PBXResourcesBuildPhase section */
		FC2609B51A3A68590000E7A4 /* Resources */ = {
			isa = PBXResourcesBuildPhase;
			buildActionMask = 2147483647;
			files = (
				FC2609C61A3A68590000E7A4 /* Main.storyboard in Resources */,
				FC2609CB1A3A68590000E7A4 /* LaunchScreen.xib in Resources */,
				FC2609C81A3A68590000E7A4 /* Images.xcassets in Resources */,
			);
			runOnlyForDeploymentPostprocessing = 0;
		};
		FC2609CE1A3A68590000E7A4 /* Resources */ = {
			isa = PBXResourcesBuildPhase;
			buildActionMask = 2147483647;
			files = (
			);
			runOnlyForDeploymentPostprocessing = 0;
		};
/* End PBXResourcesBuildPhase section */

/* Begin PBXSourcesBuildPhase section */
		FC2609B31A3A68590000E7A4 /* Sources */ = {
			isa = PBXSourcesBuildPhase;
			buildActionMask = 2147483647;
			files = (
				FC26F9111A3E74C000404028 /* TCVRCameraNode.m in Sources */,
				FC2609C31A3A68590000E7A4 /* ViewController.m in Sources */,
				FC2609C01A3A68590000E7A4 /* AppDelegate.m in Sources */,
				FC2609BD1A3A68590000E7A4 /* main.m in Sources */,
			);
			runOnlyForDeploymentPostprocessing = 0;
		};
		FC2609CC1A3A68590000E7A4 /* Sources */ = {
			isa = PBXSourcesBuildPhase;
			buildActionMask = 2147483647;
			files = (
				FC2609D71A3A68590000E7A4 /* VR_ExperimentTests.m in Sources */,
			);
			runOnlyForDeploymentPostprocessing = 0;
		};
/* End PBXSourcesBuildPhase section */

/* Begin PBXTargetDependency section */
		FC2609D21A3A68590000E7A4 /* PBXTargetDependency */ = {
			isa = PBXTargetDependency;
			target = FC2609B61A3A68590000E7A4 /* VR-Experiment */;
			targetProxy = FC2609D11A3A68590000E7A4 /* PBXContainerItemProxy */;
		};
/* End PBXTargetDependency section */

/* Begin PBXVariantGroup section */
		FC2609C41A3A68590000E7A4 /* Main.storyboard */ = {
			isa = PBXVariantGroup;
			children = (
				FC2609C51A3A68590000E7A4 /* Base */,
			);
			name = Main.storyboard;
			sourceTree = "<group>";
		};
		FC2609C91A3A68590000E7A4 /* LaunchScreen.xib */ = {
			isa = PBXVariantGroup;
			children = (
				FC2609CA1A3A68590000E7A4 /* Base */,
			);
			name = LaunchScreen.xib;
			sourceTree = "<group>";
		};
/* End PBXVariantGroup section */

/* Begin XCBuildConfiguration section */
		FC2609D81A3A68590000E7A4 /* Debug */ = {
			isa = XCBuildConfiguration;
			buildSettings = {
				ALWAYS_SEARCH_USER_PATHS = NO;
				CLANG_CXX_LANGUAGE_STANDARD = "gnu++0x";
				CLANG_CXX_LIBRARY = "libc++";
				CLANG_ENABLE_MODULES = YES;
				CLANG_ENABLE_OBJC_ARC = YES;
				CLANG_WARN_BOOL_CONVERSION = YES;
				CLANG_WARN_CONSTANT_CONVERSION = YES;
				CLANG_WARN_DIRECT_OBJC_ISA_USAGE = YES_ERROR;
				CLANG_WARN_EMPTY_BODY = YES;
				CLANG_WARN_ENUM_CONVERSION = YES;
				CLANG_WARN_INT_CONVERSION = YES;
				CLANG_WARN_OBJC_ROOT_CLASS = YES_ERROR;
				CLANG_WARN_UNREACHABLE_CODE = YES;
				CLANG_WARN__DUPLICATE_METHOD_MATCH = YES;
				"CODE_SIGN_IDENTITY[sdk=iphoneos*]" = "iPhone Developer";
				COPY_PHASE_STRIP = NO;
				ENABLE_STRICT_OBJC_MSGSEND = YES;
				GCC_C_LANGUAGE_STANDARD = gnu99;
				GCC_DYNAMIC_NO_PIC = NO;
				GCC_OPTIMIZATION_LEVEL = 0;
				GCC_PREPROCESSOR_DEFINITIONS = (
					"DEBUG=1",
					"$(inherited)",
				);
				GCC_SYMBOLS_PRIVATE_EXTERN = NO;
				GCC_WARN_64_TO_32_BIT_CONVERSION = YES;
				GCC_WARN_ABOUT_RETURN_TYPE = YES_ERROR;
				GCC_WARN_UNDECLARED_SELECTOR = YES;
				GCC_WARN_UNINITIALIZED_AUTOS = YES_AGGRESSIVE;
				GCC_WARN_UNUSED_FUNCTION = YES;
				GCC_WARN_UNUSED_VARIABLE = YES;
				IPHONEOS_DEPLOYMENT_TARGET = 8.1;
				MTL_ENABLE_DEBUG_INFO = YES;
				ONLY_ACTIVE_ARCH = YES;
				SDKROOT = iphoneos;
			};
			name = Debug;
		};
		FC2609D91A3A68590000E7A4 /* Release */ = {
			isa = XCBuildConfiguration;
			buildSettings = {
				ALWAYS_SEARCH_USER_PATHS = NO;
				CLANG_CXX_LANGUAGE_STANDARD = "gnu++0x";
				CLANG_CXX_LIBRARY = "libc++";
				CLANG_ENABLE_MODULES = YES;
				CLANG_ENABLE_OBJC_ARC = YES;
				CLANG_WARN_BOOL_CONVERSION = YES;
				CLANG_WARN_CONSTANT_CONVERSION = YES;
				CLANG_WARN_DIRECT_OBJC_ISA_USAGE = YES_ERROR;
				CLANG_WARN_EMPTY_BODY = YES;
				CLANG_WARN_ENUM_CONVERSION = YES;
				CLANG_WARN_INT_CONVERSION = YES;
				CLANG_WARN_OBJC_ROOT_CLASS = YES_ERROR;
				CLANG_WARN_UNREACHABLE_CODE = YES;
				CLANG_WARN__DUPLICATE_METHOD_MATCH = YES;
				"CODE_SIGN_IDENTITY[sdk=iphoneos*]" = "iPhone Developer";
				COPY_PHASE_STRIP = YES;
				ENABLE_NS_ASSERTIONS = NO;
				ENABLE_STRICT_OBJC_MSGSEND = YES;
				GCC_C_LANGUAGE_STANDARD = gnu99;
				GCC_WARN_64_TO_32_BIT_CONVERSION = YES;
				GCC_WARN_ABOUT_RETURN_TYPE = YES_ERROR;
				GCC_WARN_UNDECLARED_SELECTOR = YES;
				GCC_WARN_UNINITIALIZED_AUTOS = YES_AGGRESSIVE;
				GCC_WARN_UNUSED_FUNCTION = YES;
				GCC_WARN_UNUSED_VARIABLE = YES;
				IPHONEOS_DEPLOYMENT_TARGET = 8.1;
				MTL_ENABLE_DEBUG_INFO = NO;
				SDKROOT = iphoneos;
				VALIDATE_PRODUCT = YES;
			};
			name = Release;
		};
		FC2609DB1A3A68590000E7A4 /* Debug */ = {
			isa = XCBuildConfiguration;
			buildSettings = {
				ASSETCATALOG_COMPILER_APPICON_NAME = AppIcon;
				INFOPLIST_FILE = "VR-Experiment/Info.plist";
				LD_RUNPATH_SEARCH_PATHS = "$(inherited) @executable_path/Frameworks";
				PRODUCT_NAME = "$(TARGET_NAME)";
			};
			name = Debug;
		};
		FC2609DC1A3A68590000E7A4 /* Release */ = {
			isa = XCBuildConfiguration;
			buildSettings = {
				ASSETCATALOG_COMPILER_APPICON_NAME = AppIcon;
				INFOPLIST_FILE = "VR-Experiment/Info.plist";
				LD_RUNPATH_SEARCH_PATHS = "$(inherited) @executable_path/Frameworks";
				PRODUCT_NAME = "$(TARGET_NAME)";
			};
			name = Release;
		};
		FC2609DE1A3A68590000E7A4 /* Debug */ = {
			isa = XCBuildConfiguration;
			buildSettings = {
				BUNDLE_LOADER = "$(TEST_HOST)";
				FRAMEWORK_SEARCH_PATHS = (
					"$(SDKROOT)/Developer/Library/Frameworks",
					"$(inherited)",
				);
				GCC_PREPROCESSOR_DEFINITIONS = (
					"DEBUG=1",
					"$(inherited)",
				);
				INFOPLIST_FILE = "VR-ExperimentTests/Info.plist";
				LD_RUNPATH_SEARCH_PATHS = "$(inherited) @executable_path/Frameworks @loader_path/Frameworks";
				PRODUCT_NAME = "$(TARGET_NAME)";
				TEST_HOST = "$(BUILT_PRODUCTS_DIR)/VR-Experiment.app/VR-Experiment";
			};
			name = Debug;
		};
		FC2609DF1A3A68590000E7A4 /* Release */ = {
			isa = XCBuildConfiguration;
			buildSettings = {
				BUNDLE_LOADER = "$(TEST_HOST)";
				FRAMEWORK_SEARCH_PATHS = (
					"$(SDKROOT)/Developer/Library/Frameworks",
					"$(inherited)",
				);
				INFOPLIST_FILE = "VR-ExperimentTests/Info.plist";
				LD_RUNPATH_SEARCH_PATHS = "$(inherited) @executable_path/Frameworks @loader_path/Frameworks";
				PRODUCT_NAME = "$(TARGET_NAME)";
				TEST_HOST = "$(BUILT_PRODUCTS_DIR)/VR-Experiment.app/VR-Experiment";
			};
			name = Release;
		};
/* End XCBuildConfiguration section */

/* Begin XCConfigurationList section */
		FC2609B21A3A68590000E7A4 /* Build configuration list for PBXProject "VR-Experiment" */ = {
			isa = XCConfigurationList;
			buildConfigurations = (
				FC2609D81A3A68590000E7A4 /* Debug */,
				FC2609D91A3A68590000E7A4 /* Release */,
			);
			defaultConfigurationIsVisible = 0;
			defaultConfigurationName = Release;
		};
		FC2609DA1A3A68590000E7A4 /* Build configuration list for PBXNativeTarget "VR-Experiment" */ = {
			isa = XCConfigurationList;
			buildConfigurations = (
				FC2609DB1A3A68590000E7A4 /* Debug */,
				FC2609DC1A3A68590000E7A4 /* Release */,
			);
			defaultConfigurationIsVisible = 0;
			defaultConfigurationName = Release;
		};
		FC2609DD1A3A68590000E7A4 /* Build configuration list for PBXNativeTarget "VR-ExperimentTests" */ = {
			isa = XCConfigurationList;
			buildConfigurations = (
				FC2609DE1A3A68590000E7A4 /* Debug */,
				FC2609DF1A3A68590000E7A4 /* Release */,
			);
			defaultConfigurationIsVisible = 0;
			defaultConfigurationName = Release;
		};
/* End XCConfigurationList section */
	};
	rootObject = FC2609AF1A3A68590000E7A4 /* Project object */;
}
